
Microsoft Visual Studio Solution File, Format Version 12.00
# Visual Studio Version 17
VisualStudioVersion = 17.13.35913.81 d17.13
MinimumVisualStudioVersion = 10.0.40219.1
Project("{FAE04EC0-301F-11D3-BF4B-00C04F79EFBC}") = "ResetMii", "ResetMii.csproj", "{4DF114C6-22D5-4BF0-BEF6-EA9671554F40}"
EndProject
Global
	GlobalSection(SolutionConfigurationPlatforms) = preSolution
		Debug|Any CPU = Debug|Any CPU
		Release|Any CPU = Release|Any CPU
	EndGlobalSection
	GlobalSection(ProjectConfigurationPlatforms) = postSolution
		{4DF114C6-22D5-4BF0-BEF6-EA9671554F40}.Debug|Any CPU.ActiveCfg = Debug|Any CPU
		{4DF114C6-22D5-4BF0-BEF6-EA9671554F40}.Debug|Any CPU.Build.0 = Debug|Any CPU
		{4DF114C6-22D5-4BF0-BEF6-EA9671554F40}.Release|Any CPU.ActiveCfg = Release|Any CPU
		{4DF114C6-22D5-4BF0-BEF6-EA9671554F40}.Release|Any CPU.Build.0 = Release|Any CPU
	EndGlobalSection
	GlobalSection(SolutionProperties) = preSolution
		HideSolutionNode = FALSE
	EndGlobalSection
	GlobalSection(ExtensibilityGlobals) = postSolution
		SolutionGuid = {79ECFB35-A49F-4CCE-89E2-C28C4E2FCBC9}
	EndGlobalSection
EndGlobal
